// !$*UTF8*$!
{
	archiveVersion = 1;
	classes = {
	};
	objectVersion = 46;
	objects = {

/* Begin PBXBuildFile section */
		075DC81CCB4F1748FFB71F2D /* Pods_Tachiyomi.framework in Frameworks */ = {isa = PBXBuildFile; fileRef = 7F6238F85BDE646D4F3637E0 /* Pods_Tachiyomi.framework */; };
		6035418B27692C0BF91EA86A /* RootTabBarController.swift in Sources */ = {isa = PBXBuildFile; fileRef = 60354B9DCDF875BD6CC5B786 /* RootTabBarController.swift */; };
		6035429A04831C98F983043B /* SceneDelegate.swift in Sources */ = {isa = PBXBuildFile; fileRef = 60354501B7976021B9444DF9 /* SceneDelegate.swift */; };
		603542CE4F5F2406581E3346 /* BaseTabBarController.swift in Sources */ = {isa = PBXBuildFile; fileRef = 603546BB24214D80E7D989A7 /* BaseTabBarController.swift */; };
		603548C7B45875480BA26505 /* BaseNavigationController.swift in Sources */ = {isa = PBXBuildFile; fileRef = 6035488D784A93E9CAA23823 /* BaseNavigationController.swift */; };
		603549C578269CB91191842B /* NavigableTab.swift in Sources */ = {isa = PBXBuildFile; fileRef = 6035483C7B7CB42CF33E5E7D /* NavigableTab.swift */; };
		603549E3A931EADEFF9CAE62 /* Assets.xcassets in Resources */ = {isa = PBXBuildFile; fileRef = 603544AD0E53A7B268B982AD /* Assets.xcassets */; };
		60354B9EA4E80C9ADE0625E2 /* AppDelegate.swift in Sources */ = {isa = PBXBuildFile; fileRef = 60354013A92D96A0D8081483 /* AppDelegate.swift */; };
		60354DBA2C14B8FF9A8A2AC3 /* LaunchScreen.storyboard in Resources */ = {isa = PBXBuildFile; fileRef = 603540F6E7C88D613B9C79C8 /* LaunchScreen.storyboard */; };
/* End PBXBuildFile section */

/* Begin PBXFileReference section */
		1DA42EC82F150FBB31C42618 /* Pods-Tachiyomi.debug.xcconfig */ = {isa = PBXFileReference; includeInIndex = 1; lastKnownFileType = text.xcconfig; name = "Pods-Tachiyomi.debug.xcconfig"; path = "Target Support Files/Pods-Tachiyomi/Pods-Tachiyomi.debug.xcconfig"; sourceTree = "<group>"; };
		60354013A92D96A0D8081483 /* AppDelegate.swift */ = {isa = PBXFileReference; fileEncoding = 4; lastKnownFileType = sourcecode.swift; path = AppDelegate.swift; sourceTree = "<group>"; };
		603540F6E7C88D613B9C79C8 /* LaunchScreen.storyboard */ = {isa = PBXFileReference; lastKnownFileType = file.storyboard; path = LaunchScreen.storyboard; sourceTree = "<group>"; };
		603544AD0E53A7B268B982AD /* Assets.xcassets */ = {isa = PBXFileReference; lastKnownFileType = folder.assetcatalog; path = Assets.xcassets; sourceTree = "<group>"; };
		60354501B7976021B9444DF9 /* SceneDelegate.swift */ = {isa = PBXFileReference; fileEncoding = 4; lastKnownFileType = sourcecode.swift; path = SceneDelegate.swift; sourceTree = "<group>"; };
		603546BB24214D80E7D989A7 /* BaseTabBarController.swift */ = {isa = PBXFileReference; fileEncoding = 4; lastKnownFileType = sourcecode.swift; path = BaseTabBarController.swift; sourceTree = "<group>"; };
		6035483C7B7CB42CF33E5E7D /* NavigableTab.swift */ = {isa = PBXFileReference; fileEncoding = 4; lastKnownFileType = sourcecode.swift; path = NavigableTab.swift; sourceTree = "<group>"; };
		6035488D784A93E9CAA23823 /* BaseNavigationController.swift */ = {isa = PBXFileReference; fileEncoding = 4; lastKnownFileType = sourcecode.swift; path = BaseNavigationController.swift; sourceTree = "<group>"; };
		60354B49EBEBE1F92A0CE46C /* Info.plist */ = {isa = PBXFileReference; fileEncoding = 4; lastKnownFileType = text.plist.info; path = Info.plist; sourceTree = "<group>"; };
		60354B9DCDF875BD6CC5B786 /* RootTabBarController.swift */ = {isa = PBXFileReference; fileEncoding = 4; lastKnownFileType = sourcecode.swift; path = RootTabBarController.swift; sourceTree = "<group>"; };
		60354D9CF2F7A26E286075FA /* Tachiyomi.app */ = {isa = PBXFileReference; explicitFileType = wrapper.application; includeInIndex = 0; path = Tachiyomi.app; sourceTree = BUILT_PRODUCTS_DIR; };
		7F6238F85BDE646D4F3637E0 /* Pods_Tachiyomi.framework */ = {isa = PBXFileReference; explicitFileType = wrapper.framework; includeInIndex = 0; path = Pods_Tachiyomi.framework; sourceTree = BUILT_PRODUCTS_DIR; };
		F73D1F6375C3B867A0269007 /* Pods-Tachiyomi.release.xcconfig */ = {isa = PBXFileReference; includeInIndex = 1; lastKnownFileType = text.xcconfig; name = "Pods-Tachiyomi.release.xcconfig"; path = "Target Support Files/Pods-Tachiyomi/Pods-Tachiyomi.release.xcconfig"; sourceTree = "<group>"; };
/* End PBXFileReference section */

/* Begin PBXFrameworksBuildPhase section */
		60354E8A347F3AE230D8A15C /* Frameworks */ = {
			isa = PBXFrameworksBuildPhase;
			buildActionMask = 2147483647;
			files = (
				075DC81CCB4F1748FFB71F2D /* Pods_Tachiyomi.framework in Frameworks */,
			);
			runOnlyForDeploymentPostprocessing = 0;
		};
/* End PBXFrameworksBuildPhase section */

/* Begin PBXGroup section */
		47D36F644D4A05469C5AA48F /* Pods */ = {
			isa = PBXGroup;
			children = (
				1DA42EC82F150FBB31C42618 /* Pods-Tachiyomi.debug.xcconfig */,
				F73D1F6375C3B867A0269007 /* Pods-Tachiyomi.release.xcconfig */,
			);
			name = Pods;
			path = Pods;
			sourceTree = "<group>";
		};
		60354019577DD59D12BB1089 /* Tachiyomi */ = {
			isa = PBXGroup;
			children = (
				60354A61D98B967E5805FE13 /* Source */,
				603548373FD80413AE9D0730 /* Resources */,
			);
			path = Tachiyomi;
			sourceTree = "<group>";
		};
		603548373FD80413AE9D0730 /* Resources */ = {
			isa = PBXGroup;
			children = (
				603544AD0E53A7B268B982AD /* Assets.xcassets */,
				60354B49EBEBE1F92A0CE46C /* Info.plist */,
				603540F6E7C88D613B9C79C8 /* LaunchScreen.storyboard */,
			);
			path = Resources;
			sourceTree = "<group>";
		};
		603549D3D7B8C3F2CBB7E0D7 /* Navigation */ = {
			isa = PBXGroup;
			children = (
				60354B9DCDF875BD6CC5B786 /* RootTabBarController.swift */,
				6035483C7B7CB42CF33E5E7D /* NavigableTab.swift */,
			);
			path = Navigation;
			sourceTree = "<group>";
		};
		60354A61D98B967E5805FE13 /* Source */ = {
			isa = PBXGroup;
			children = (
				60354C71F09DD3BDF5BD41EC /* Lifecycle */,
				60354C0C751BE9334B226D7A /* Interface */,
			);
			path = Source;
			sourceTree = "<group>";
		};
		60354C0C751BE9334B226D7A /* Interface */ = {
			isa = PBXGroup;
			children = (
				603549D3D7B8C3F2CBB7E0D7 /* Navigation */,
				60354EDEAC87EB54EA03B69A /* Base */,
			);
			path = Interface;
			sourceTree = "<group>";
		};
		60354C1E07E499A5DD36C6DE = {
			isa = PBXGroup;
			children = (
				60354D3110295D4441C28664 /* Products */,
				60354019577DD59D12BB1089 /* Tachiyomi */,
				47D36F644D4A05469C5AA48F /* Pods */,
				E89755A177F12ABEFBF3B918 /* Frameworks */,
			);
			sourceTree = "<group>";
		};
		60354C71F09DD3BDF5BD41EC /* Lifecycle */ = {
			isa = PBXGroup;
			children = (
				60354501B7976021B9444DF9 /* SceneDelegate.swift */,
				60354013A92D96A0D8081483 /* AppDelegate.swift */,
			);
			path = Lifecycle;
			sourceTree = "<group>";
		};
		60354D3110295D4441C28664 /* Products */ = {
			isa = PBXGroup;
			children = (
				60354D9CF2F7A26E286075FA /* Tachiyomi.app */,
			);
			name = Products;
			sourceTree = "<group>";
		};
		60354EDEAC87EB54EA03B69A /* Base */ = {
			isa = PBXGroup;
			children = (
				603546BB24214D80E7D989A7 /* BaseTabBarController.swift */,
				6035488D784A93E9CAA23823 /* BaseNavigationController.swift */,
			);
			path = Base;
			sourceTree = "<group>";
		};
		E89755A177F12ABEFBF3B918 /* Frameworks */ = {
			isa = PBXGroup;
			children = (
				7F6238F85BDE646D4F3637E0 /* Pods_Tachiyomi.framework */,
			);
			name = Frameworks;
			sourceTree = "<group>";
		};
/* End PBXGroup section */

/* Begin PBXNativeTarget section */
		60354DD9F64B5F7086DB8A0F /* Tachiyomi */ = {
			isa = PBXNativeTarget;
			buildConfigurationList = 603547826354FBB18E91EE49 /* Build configuration list for PBXNativeTarget "Tachiyomi" */;
			buildPhases = (
				20CD07608BDDCAF47274A402 /* [CP] Check Pods Manifest.lock */,
				6035426456E08AE652F23F15 /* Sources */,
				60354E8A347F3AE230D8A15C /* Frameworks */,
				603545C96EBE3B173C5AD8A7 /* Resources */,
				97052A6E255B752E0A9A4E74 /* [CP] Embed Pods Frameworks */,
			);
			buildRules = (
			);
			dependencies = (
			);
			name = Tachiyomi;
			productName = Tachiyomi;
			productReference = 60354D9CF2F7A26E286075FA /* Tachiyomi.app */;
			productType = "com.apple.product-type.application";
		};
/* End PBXNativeTarget section */

/* Begin PBXProject section */
		603548158428B940B1D857F0 /* Project object */ = {
			isa = PBXProject;
			attributes = {
			};
			buildConfigurationList = 60354E464081D53ECC852936 /* Build configuration list for PBXProject "Tachiyomi" */;
			compatibilityVersion = "Xcode 3.2";
			developmentRegion = English;
			hasScannedForEncodings = 0;
			knownRegions = (
				English,
				en,
			);
			mainGroup = 60354C1E07E499A5DD36C6DE;
			productRefGroup = 60354D3110295D4441C28664 /* Products */;
			projectDirPath = "";
			projectRoot = "";
			targets = (
				60354DD9F64B5F7086DB8A0F /* Tachiyomi */,
			);
		};
/* End PBXProject section */

/* Begin PBXResourcesBuildPhase section */
		603545C96EBE3B173C5AD8A7 /* Resources */ = {
			isa = PBXResourcesBuildPhase;
			buildActionMask = 2147483647;
			files = (
				603549E3A931EADEFF9CAE62 /* Assets.xcassets in Resources */,
				60354DBA2C14B8FF9A8A2AC3 /* LaunchScreen.storyboard in Resources */,
			);
			runOnlyForDeploymentPostprocessing = 0;
		};
/* End PBXResourcesBuildPhase section */

/* Begin PBXShellScriptBuildPhase section */
		20CD07608BDDCAF47274A402 /* [CP] Check Pods Manifest.lock */ = {
			isa = PBXShellScriptBuildPhase;
			buildActionMask = 2147483647;
			files = (
			);
			inputFileListPaths = (
			);
			inputPaths = (
				"${PODS_PODFILE_DIR_PATH}/Podfile.lock",
				"${PODS_ROOT}/Manifest.lock",
			);
			name = "[CP] Check Pods Manifest.lock";
			outputFileListPaths = (
			);
			outputPaths = (
				"$(DERIVED_FILE_DIR)/Pods-Tachiyomi-checkManifestLockResult.txt",
			);
			runOnlyForDeploymentPostprocessing = 0;
			shellPath = /bin/sh;
			shellScript = "diff \"${PODS_PODFILE_DIR_PATH}/Podfile.lock\" \"${PODS_ROOT}/Manifest.lock\" > /dev/null\nif [ $? != 0 ] ; then\n    # print error to STDERR\n    echo \"error: The sandbox is not in sync with the Podfile.lock. Run 'pod install' or update your CocoaPods installation.\" >&2\n    exit 1\nfi\n# This output is used by Xcode 'outputs' to avoid re-running this script phase.\necho \"SUCCESS\" > \"${SCRIPT_OUTPUT_FILE_0}\"\n";
			showEnvVarsInLog = 0;
		};
		97052A6E255B752E0A9A4E74 /* [CP] Embed Pods Frameworks */ = {
			isa = PBXShellScriptBuildPhase;
			buildActionMask = 2147483647;
			files = (
			);
			inputPaths = (
				"${PODS_ROOT}/Target Support Files/Pods-Tachiyomi/Pods-Tachiyomi-frameworks.sh",
				"${BUILT_PRODUCTS_DIR}/RxSwift/RxSwift.framework",
				"${BUILT_PRODUCTS_DIR}/SnapKit/SnapKit.framework",
			);
			name = "[CP] Embed Pods Frameworks";
			outputPaths = (
				"${TARGET_BUILD_DIR}/${FRAMEWORKS_FOLDER_PATH}/RxSwift.framework",
				"${TARGET_BUILD_DIR}/${FRAMEWORKS_FOLDER_PATH}/SnapKit.framework",
			);
			runOnlyForDeploymentPostprocessing = 0;
			shellPath = /bin/sh;
			shellScript = "\"${PODS_ROOT}/Target Support Files/Pods-Tachiyomi/Pods-Tachiyomi-frameworks.sh\"\n";
			showEnvVarsInLog = 0;
		};
/* End PBXShellScriptBuildPhase section */

/* Begin PBXSourcesBuildPhase section */
		6035426456E08AE652F23F15 /* Sources */ = {
			isa = PBXSourcesBuildPhase;
			buildActionMask = 2147483647;
			files = (
				6035429A04831C98F983043B /* SceneDelegate.swift in Sources */,
				60354B9EA4E80C9ADE0625E2 /* AppDelegate.swift in Sources */,
				6035418B27692C0BF91EA86A /* RootTabBarController.swift in Sources */,
				603542CE4F5F2406581E3346 /* BaseTabBarController.swift in Sources */,
				603548C7B45875480BA26505 /* BaseNavigationController.swift in Sources */,
				603549C578269CB91191842B /* NavigableTab.swift in Sources */,
			);
			runOnlyForDeploymentPostprocessing = 0;
		};
/* End PBXSourcesBuildPhase section */

/* Begin XCBuildConfiguration section */
		603544560FF27B6FB8AFB3D3 /* Debug */ = {
			isa = XCBuildConfiguration;
			baseConfigurationReference = 1DA42EC82F150FBB31C42618 /* Pods-Tachiyomi.debug.xcconfig */;
			buildSettings = {
				ASSETCATALOG_COMPILER_APPICON_NAME = AppIcon;
				ASSETCATALOG_COMPILER_GLOBAL_ACCENT_COLOR_NAME = AccentColor;
				INFOPLIST_FILE = "$(SRCROOT)/Tachiyomi/Resources/Info.plist";
				LD_RUNPATH_SEARCH_PATHS = "$(inherited) @executable_path/Frameworks";
				PRODUCT_BUNDLE_IDENTIFIER = uk.co.sakurasoft.Tachiyomi;
				PRODUCT_NAME = "$(TARGET_NAME)";
				SWIFT_VERSION = 5.0;
				TARGETED_DEVICE_FAMILY = "1,2";
			};
			name = Debug;
		};
		6035447C8324ED5498D45D81 /* Release */ = {
			isa = XCBuildConfiguration;
			buildSettings = {
				ALWAYS_SEARCH_USER_PATHS = NO;
				CLANG_ANALYZER_NONNULL = YES;
				CLANG_ANALYZER_NUMBER_OBJECT_CONVERSION = YES_AGGRESSIVE;
				CLANG_CXX_LANGUAGE_STANDARD = "gnu++14";
				CLANG_CXX_LIBRARY = "libc++";
				CLANG_ENABLE_MODULES = YES;
				CLANG_ENABLE_OBJC_ARC = YES;
				CLANG_ENABLE_OBJC_WEAK = YES;
				CLANG_WARN_BLOCK_CAPTURE_AUTORELEASING = YES;
				CLANG_WARN_BOOL_CONVERSION = YES;
				CLANG_WARN_COMMA = YES;
				CLANG_WARN_CONSTANT_CONVERSION = YES;
				CLANG_WARN_DEPRECATED_OBJC_IMPLEMENTATIONS = YES;
				CLANG_WARN_DIRECT_OBJC_ISA_USAGE = YES_ERROR;
				CLANG_WARN_DOCUMENTATION_COMMENTS = YES;
				CLANG_WARN_EMPTY_BODY = YES;
				CLANG_WARN_ENUM_CONVERSION = YES;
				CLANG_WARN_INFINITE_RECURSION = YES;
				CLANG_WARN_INT_CONVERSION = YES;
				CLANG_WARN_NON_LITERAL_NULL_CONVERSION = YES;
				CLANG_WARN_OBJC_IMPLICIT_RETAIN_SELF = YES;
				CLANG_WARN_OBJC_LITERAL_CONVERSION = YES;
				CLANG_WARN_OBJC_ROOT_CLASS = YES_ERROR;
				CLANG_WARN_QUOTED_INCLUDE_IN_FRAMEWORK_HEADER = YES;
				CLANG_WARN_RANGE_LOOP_ANALYSIS = YES;
				CLANG_WARN_STRICT_PROTOTYPES = YES;
				CLANG_WARN_SUSPICIOUS_MOVE = YES;
				CLANG_WARN_UNGUARDED_AVAILABILITY = YES_AGGRESSIVE;
				CLANG_WARN_UNREACHABLE_CODE = YES;
				CLANG_WARN__DUPLICATE_METHOD_MATCH = YES;
				COPY_PHASE_STRIP = NO;
				DEBUG_INFORMATION_FORMAT = "dwarf-with-dsym";
				ENABLE_NS_ASSERTIONS = NO;
				ENABLE_STRICT_OBJC_MSGSEND = YES;
				GCC_C_LANGUAGE_STANDARD = gnu11;
				GCC_NO_COMMON_BLOCKS = YES;
				GCC_WARN_64_TO_32_BIT_CONVERSION = YES;
				GCC_WARN_ABOUT_RETURN_TYPE = YES_ERROR;
				GCC_WARN_UNDECLARED_SELECTOR = YES;
				GCC_WARN_UNINITIALIZED_AUTOS = YES_AGGRESSIVE;
				GCC_WARN_UNUSED_FUNCTION = YES;
				GCC_WARN_UNUSED_VARIABLE = YES;
				IPHONEOS_DEPLOYMENT_TARGET = 14.5;
				MTL_ENABLE_DEBUG_INFO = NO;
				MTL_FAST_MATH = YES;
				SDKROOT = iphoneos;
				SWIFT_OPTIMIZATION_LEVEL = "-Owholemodule";
				VALIDATE_PRODUCT = YES;
			};
			name = Release;
		};
		60354920B9E3733D57FFDC7D /* Release */ = {
			isa = XCBuildConfiguration;
			baseConfigurationReference = F73D1F6375C3B867A0269007 /* Pods-Tachiyomi.release.xcconfig */;
			buildSettings = {
				ASSETCATALOG_COMPILER_APPICON_NAME = AppIcon;
				ASSETCATALOG_COMPILER_GLOBAL_ACCENT_COLOR_NAME = AccentColor;
				INFOPLIST_FILE = "$(SRCROOT)/Tachiyomi/Resources/Info.plist";
				LD_RUNPATH_SEARCH_PATHS = "$(inherited) @executable_path/Frameworks";
				PRODUCT_BUNDLE_IDENTIFIER = uk.co.sakurasoft.Tachiyomi;
				PRODUCT_NAME = "$(TARGET_NAME)";
				SWIFT_VERSION = 5.0;
				TARGETED_DEVICE_FAMILY = "1,2";
			};
			name = Release;
		};
		60354C304557D3CC86856EFA /* Debug */ = {
			isa = XCBuildConfiguration;
			buildSettings = {
				ALWAYS_SEARCH_USER_PATHS = NO;
				CLANG_ANALYZER_NONNULL = YES;
				CLANG_ANALYZER_NUMBER_OBJECT_CONVERSION = YES_AGGRESSIVE;
				CLANG_CXX_LANGUAGE_STANDARD = "gnu++14";
				CLANG_CXX_LIBRARY = "libc++";
				CLANG_ENABLE_MODULES = YES;
				CLANG_ENABLE_OBJC_ARC = YES;
				CLANG_ENABLE_OBJC_WEAK = YES;
				CLANG_WARN_BLOCK_CAPTURE_AUTORELEASING = YES;
				CLANG_WARN_BOOL_CONVERSION = YES;
				CLANG_WARN_COMMA = YES;
				CLANG_WARN_CONSTANT_CONVERSION = YES;
				CLANG_WARN_DEPRECATED_OBJC_IMPLEMENTATIONS = YES;
				CLANG_WARN_DIRECT_OBJC_ISA_USAGE = YES_ERROR;
				CLANG_WARN_DOCUMENTATION_COMMENTS = YES;
				CLANG_WARN_EMPTY_BODY = YES;
				CLANG_WARN_ENUM_CONVERSION = YES;
				CLANG_WARN_INFINITE_RECURSION = YES;
				CLANG_WARN_INT_CONVERSION = YES;
				CLANG_WARN_NON_LITERAL_NULL_CONVERSION = YES;
				CLANG_WARN_OBJC_IMPLICIT_RETAIN_SELF = YES;
				CLANG_WARN_OBJC_LITERAL_CONVERSION = YES;
				CLANG_WARN_OBJC_ROOT_CLASS = YES_ERROR;
				CLANG_WARN_QUOTED_INCLUDE_IN_FRAMEWORK_HEADER = YES;
				CLANG_WARN_RANGE_LOOP_ANALYSIS = YES;
				CLANG_WARN_STRICT_PROTOTYPES = YES;
				CLANG_WARN_SUSPICIOUS_MOVE = YES;
				CLANG_WARN_UNGUARDED_AVAILABILITY = YES_AGGRESSIVE;
				CLANG_WARN_UNREACHABLE_CODE = YES;
				CLANG_WARN__DUPLICATE_METHOD_MATCH = YES;
				COPY_PHASE_STRIP = NO;
				DEBUG_INFORMATION_FORMAT = dwarf;
				ENABLE_STRICT_OBJC_MSGSEND = YES;
				ENABLE_TESTABILITY = YES;
				GCC_C_LANGUAGE_STANDARD = gnu11;
				GCC_DYNAMIC_NO_PIC = NO;
				GCC_NO_COMMON_BLOCKS = YES;
				GCC_OPTIMIZATION_LEVEL = 0;
				GCC_PREPROCESSOR_DEFINITIONS = (
					"DEBUG=1",
					"$(inherited)",
				);
				GCC_WARN_64_TO_32_BIT_CONVERSION = YES;
				GCC_WARN_ABOUT_RETURN_TYPE = YES_ERROR;
				GCC_WARN_UNDECLARED_SELECTOR = YES;
				GCC_WARN_UNINITIALIZED_AUTOS = YES_AGGRESSIVE;
				GCC_WARN_UNUSED_FUNCTION = YES;
				GCC_WARN_UNUSED_VARIABLE = YES;
				IPHONEOS_DEPLOYMENT_TARGET = 14.5;
				MTL_ENABLE_DEBUG_INFO = INCLUDE_SOURCE;
				MTL_FAST_MATH = YES;
				ONLY_ACTIVE_ARCH = YES;
				SDKROOT = iphoneos;
				SWIFT_ACTIVE_COMPILATION_CONDITIONS = DEBUG;
				SWIFT_OPTIMIZATION_LEVEL = "-Onone";
			};
			name = Debug;
		};
/* End XCBuildConfiguration section */

/* Begin XCConfigurationList section */
		603547826354FBB18E91EE49 /* Build configuration list for PBXNativeTarget "Tachiyomi" */ = {
			isa = XCConfigurationList;
			buildConfigurations = (
				603544560FF27B6FB8AFB3D3 /* Debug */,
				60354920B9E3733D57FFDC7D /* Release */,
			);
			defaultConfigurationIsVisible = 0;
			defaultConfigurationName = Release;
		};
		60354E464081D53ECC852936 /* Build configuration list for PBXProject "Tachiyomi" */ = {
			isa = XCConfigurationList;
			buildConfigurations = (
				60354C304557D3CC86856EFA /* Debug */,
				6035447C8324ED5498D45D81 /* Release */,
			);
			defaultConfigurationIsVisible = 0;
			defaultConfigurationName = Release;
		};
/* End XCConfigurationList section */
	};
	rootObject = 603548158428B940B1D857F0 /* Project object */;
}
